# Generated by buf. DO NOT EDIT.
version: v1
deps:
  - remote: buf.build
    owner: googleapis
    repository: googleapis
    commit: 5ae7f88519b04fe1965da0f8a375a088
    digest: shake256:27d9fcdc0e3eb957449dc3d17e2d24c7ce59c3c483ecf128818183c336dfd28595ecd13771fb3172247775caf7707c4076dd8e70c5ac2cbcac170df35e4d0028
